github.com/brnsampson/optional v0.0.0-20240927223546-d3163da87963 h1:ZC7BiZvF4yo1PNtoPMmxr4egbZn4PCLSxIstFPcVmPo=
github.com/brnsampson/optional v0.0.0-20240927223546-d3163da87963/go.mod h1:5PjI03ETuGQ/35bwSJJ3Jt2BN0Xzb59iU6FxoiRdmTs=
github.com/google/go-cmp v0.5.9 h1:O2Tfq5qg4qc4AmwVlvv0oLiVAGB7enBSJ2x2DqQFi38=
github.com/google/go-cmp v0.5.9/go.mod h1:17dUlkBOakJ0+DkrSSNjCkIjxS6bF9zb3elmeNGIjoY=
gotest.tools/v3 v3.5.1 h1:EENdUnS3pdur5nybKYIh2Vfgc8IUNBjxDPSjtiJcOzU=
gotest.tools/v3 v3.5.1/go.mod h1:isy3WKz7GK6uNw/sbHzfKBLvlvXwUyV06n6brMxxopU=
